<?xml version="1.0" encoding="UTF-8" standalone="yes" ?>
<CodeBlocks_project_file>
	<FileVersion major="1" minor="6" />
	<Project>
		<Option title="Knight-o-naut" />
		<Option pch_mode="2" />
		<Option compiler="gcc" />
		<Build>
			<Target title="Debug">
				<Option output="bin/Debug/Knight-o-naut" prefix_auto="1" extension_auto="1" />
				<Option object_output="obj/Debug/" />
				<Option type="1" />
				<Option compiler="gcc" />
				<Compiler>
					<Add option="-g" />
				</Compiler>
			</Target>
			<Target title="Release">
				<Option output="bin/Release/Knight-o-naut" prefix_auto="1" extension_auto="1" />
				<Option object_output="obj/Release/" />
				<Option type="1" />
				<Option compiler="gcc" />
				<Compiler>
					<Add option="-O2" />
				</Compiler>
				<Linker>
					<Add option="-s" />
				</Linker>
			</Target>
		</Build>
		<Compiler>
			<Add option="-Wall" />
		</Compiler>
		<Linker>
			<Add library="/home/moosader/_Libraries/SFML-2.1-x64/lib/libsfml-graphics.so" />
			<Add library="/home/moosader/_Libraries/SFML-2.1-x64/lib/libsfml-system.so" />
			<Add library="/home/moosader/_Libraries/SFML-2.1-x64/lib/libsfml-window.so" />
			<Add library="/home/moosader/_Libraries/SFML-2.1-x64/lib/libsfml-audio.so" />
		</Linker>
		<Unit filename="Borka/Application.cpp" />
		<Unit filename="Borka/Application.h" />
		<Unit filename="Borka/BaseEntity.cpp" />
		<Unit filename="Borka/BaseEntity.h" />
		<Unit filename="Borka/Effect.cpp" />
		<Unit filename="Borka/Effect.h" />
		<Unit filename="Borka/EffectManager.cpp" />
		<Unit filename="Borka/EffectManager.h" />
		<Unit filename="Borka/ImageManager.cpp" />
		<Unit filename="Borka/ImageManager.h" />
		<Unit filename="Borka/Level.cpp" />
		<Unit filename="Borka/Level.h" />
		<Unit filename="Borka/SoundManager.cpp" />
		<Unit filename="Borka/SoundManager.h" />
		<Unit filename="Borka/State.cpp" />
		<Unit filename="Borka/State.h" />
		<Unit filename="Borka/StateManager.cpp" />
		<Unit filename="Borka/StateManager.h" />
		<Unit filename="Borka/Tile.cpp" />
		<Unit filename="Borka/Tile.h" />
		<Unit filename="Character.cpp" />
		<Unit filename="Character.h" />
		<Unit filename="DungeonState.h" />
		<Unit filename="HubState.h" />
		<Unit filename="Player.cpp" />
		<Unit filename="Player.h" />
		<Unit filename="TitleState.h" />
		<Unit filename="main.cpp" />
		<Extensions>
			<code_completion />
			<debugger />
		</Extensions>
	</Project>
</CodeBlocks_project_file>
